
Microsoft Visual Studio Solution File, Format Version 12.00
# Visual Studio Version 17
VisualStudioVersion = 17.4.33103.184
MinimumVisualStudioVersion = 10.0.40219.1
Project("{FAE04EC0-301F-11D3-BF4B-00C04F79EFBC}") = "LibraryService", "LibraryService\LibraryService.csproj", "{80515024-0CB4-40D4-8E65-F333925388D9}"
EndProject
Project("{FAE04EC0-301F-11D3-BF4B-00C04F79EFBC}") = "LibraryService.Web", "LibraryService.Web\LibraryService.Web.csproj", "{1AC2E5FB-DBCC-429A-9FDD-4C335B6ED441}"
EndProject
Global
	GlobalSection(SolutionConfigurationPlatforms) = preSolution
		Debug|Any CPU = Debug|Any CPU
		Release|Any CPU = Release|Any CPU
	EndGlobalSection
	GlobalSection(ProjectConfigurationPlatforms) = postSolution
		{80515024-0CB4-40D4-8E65-F333925388D9}.Debug|Any CPU.ActiveCfg = Debug|Any CPU
		{80515024-0CB4-40D4-8E65-F333925388D9}.Debug|Any CPU.Build.0 = Debug|Any CPU
		{80515024-0CB4-40D4-8E65-F333925388D9}.Release|Any CPU.ActiveCfg = Release|Any CPU
		{80515024-0CB4-40D4-8E65-F333925388D9}.Release|Any CPU.Build.0 = Release|Any CPU
		{1AC2E5FB-DBCC-429A-9FDD-4C335B6ED441}.Debug|Any CPU.ActiveCfg = Debug|Any CPU
		{1AC2E5FB-DBCC-429A-9FDD-4C335B6ED441}.Debug|Any CPU.Build.0 = Debug|Any CPU
		{1AC2E5FB-DBCC-429A-9FDD-4C335B6ED441}.Release|Any CPU.ActiveCfg = Release|Any CPU
		{1AC2E5FB-DBCC-429A-9FDD-4C335B6ED441}.Release|Any CPU.Build.0 = Release|Any CPU
	EndGlobalSection
	GlobalSection(SolutionProperties) = preSolution
		HideSolutionNode = FALSE
	EndGlobalSection
	GlobalSection(ExtensibilityGlobals) = postSolution
		SolutionGuid = {DB104595-88A1-4C50-B087-7998C3C9E73C}
	EndGlobalSection
EndGlobal
